
Microsoft Visual Studio Solution File, Format Version 12.00
# Visual Studio 15
VisualStudioVersion = 15.0.26430.16
MinimumVisualStudioVersion = 10.0.40219.1
Project("{FAE04EC0-301F-11D3-BF4B-00C04F79EFBC}") = "FunFacts", "FunFacts\FunFacts.csproj", "{E931EE28-87B6-475D-9EFE-9F017162615D}"
EndProject
Project("{FAE04EC0-301F-11D3-BF4B-00C04F79EFBC}") = "FunFacts.Tests", "FunFacts.Tests\FunFacts.Tests.csproj", "{A52CC430-093A-4755-B540-A2A58C4EEA19}"
EndProject
Global
	GlobalSection(SolutionConfigurationPlatforms) = preSolution
		Debug|Any CPU = Debug|Any CPU
		Release|Any CPU = Release|Any CPU
	EndGlobalSection
	GlobalSection(ProjectConfigurationPlatforms) = postSolution
		{E931EE28-87B6-475D-9EFE-9F017162615D}.Debug|Any CPU.ActiveCfg = Debug|Any CPU
		{E931EE28-87B6-475D-9EFE-9F017162615D}.Debug|Any CPU.Build.0 = Debug|Any CPU
		{E931EE28-87B6-475D-9EFE-9F017162615D}.Release|Any CPU.ActiveCfg = Release|Any CPU
		{E931EE28-87B6-475D-9EFE-9F017162615D}.Release|Any CPU.Build.0 = Release|Any CPU
		{A52CC430-093A-4755-B540-A2A58C4EEA19}.Debug|Any CPU.ActiveCfg = Debug|Any CPU
		{A52CC430-093A-4755-B540-A2A58C4EEA19}.Debug|Any CPU.Build.0 = Debug|Any CPU
		{A52CC430-093A-4755-B540-A2A58C4EEA19}.Release|Any CPU.ActiveCfg = Release|Any CPU
		{A52CC430-093A-4755-B540-A2A58C4EEA19}.Release|Any CPU.Build.0 = Release|Any CPU
	EndGlobalSection
	GlobalSection(SolutionProperties) = preSolution
		HideSolutionNode = FALSE
	EndGlobalSection
EndGlobal
